
Microsoft Visual Studio Solution File, Format Version 12.00
# Visual Studio Version 16
VisualStudioVersion = 16.0.31515.178
MinimumVisualStudioVersion = 10.0.40219.1
Project("{8BC9CEB8-8B4A-11D0-8D11-00A0C91BC942}") = "superforthdll", "superforthdll\superforthdll.vcxproj", "{8A0DE4A4-8505-4838-BDF6-A7F2FFEE994F}"
EndProject
Project("{FAE04EC0-301F-11D3-BF4B-00C04F79EFBC}") = "superforthdllcsharp", "superforthdllcsharp\superforthdllcsharp.csproj", "{B181189F-631D-44B1-A97D-1CEB6BF484EC}"
EndProject
Global
	GlobalSection(SolutionConfigurationPlatforms) = preSolution
		Debug|Any CPU = Debug|Any CPU
		Debug|x64 = Debug|x64
		Debug|x86 = Debug|x86
		Release|Any CPU = Release|Any CPU
		Release|x64 = Release|x64
		Release|x86 = Release|x86
	EndGlobalSection
	GlobalSection(ProjectConfigurationPlatforms) = postSolution
		{8A0DE4A4-8505-4838-BDF6-A7F2FFEE994F}.Debug|Any CPU.ActiveCfg = Debug|Win32
		{8A0DE4A4-8505-4838-BDF6-A7F2FFEE994F}.Debug|x64.ActiveCfg = Debug|x64
		{8A0DE4A4-8505-4838-BDF6-A7F2FFEE994F}.Debug|x64.Build.0 = Debug|x64
		{8A0DE4A4-8505-4838-BDF6-A7F2FFEE994F}.Debug|x86.ActiveCfg = Debug|Win32
		{8A0DE4A4-8505-4838-BDF6-A7F2FFEE994F}.Debug|x86.Build.0 = Debug|Win32
		{8A0DE4A4-8505-4838-BDF6-A7F2FFEE994F}.Release|Any CPU.ActiveCfg = Release|Win32
		{8A0DE4A4-8505-4838-BDF6-A7F2FFEE994F}.Release|x64.ActiveCfg = Release|x64
		{8A0DE4A4-8505-4838-BDF6-A7F2FFEE994F}.Release|x64.Build.0 = Release|x64
		{8A0DE4A4-8505-4838-BDF6-A7F2FFEE994F}.Release|x86.ActiveCfg = Release|Win32
		{8A0DE4A4-8505-4838-BDF6-A7F2FFEE994F}.Release|x86.Build.0 = Release|Win32
		{B181189F-631D-44B1-A97D-1CEB6BF484EC}.Debug|Any CPU.ActiveCfg = Debug|Any CPU
		{B181189F-631D-44B1-A97D-1CEB6BF484EC}.Debug|Any CPU.Build.0 = Debug|Any CPU
		{B181189F-631D-44B1-A97D-1CEB6BF484EC}.Debug|x64.ActiveCfg = Debug|Any CPU
		{B181189F-631D-44B1-A97D-1CEB6BF484EC}.Debug|x64.Build.0 = Debug|Any CPU
		{B181189F-631D-44B1-A97D-1CEB6BF484EC}.Debug|x86.ActiveCfg = Debug|Any CPU
		{B181189F-631D-44B1-A97D-1CEB6BF484EC}.Debug|x86.Build.0 = Debug|Any CPU
		{B181189F-631D-44B1-A97D-1CEB6BF484EC}.Release|Any CPU.ActiveCfg = Release|Any CPU
		{B181189F-631D-44B1-A97D-1CEB6BF484EC}.Release|Any CPU.Build.0 = Release|Any CPU
		{B181189F-631D-44B1-A97D-1CEB6BF484EC}.Release|x64.ActiveCfg = Release|Any CPU
		{B181189F-631D-44B1-A97D-1CEB6BF484EC}.Release|x64.Build.0 = Release|Any CPU
		{B181189F-631D-44B1-A97D-1CEB6BF484EC}.Release|x86.ActiveCfg = Release|Any CPU
		{B181189F-631D-44B1-A97D-1CEB6BF484EC}.Release|x86.Build.0 = Release|Any CPU
	EndGlobalSection
	GlobalSection(SolutionProperties) = preSolution
		HideSolutionNode = FALSE
	EndGlobalSection
	GlobalSection(ExtensibilityGlobals) = postSolution
		SolutionGuid = {E8708DC3-495A-4F3E-9112-C62562D6E857}
	EndGlobalSection
EndGlobal
